
Microsoft Visual Studio Solution File, Format Version 12.00
# Visual Studio Version 17
VisualStudioVersion = 17.10.34804.81
MinimumVisualStudioVersion = 10.0.40219.1
Project("{9A19103F-16F7-4668-BE54-9A1E7A4F7556}") = "yoyocosmetic", "yoyocosmetic\yoyocosmetic.csproj", "{D415C61C-DB8E-4C47-9FD1-D2CEAD21641D}"
EndProject
Project("{FAE04EC0-301F-11D3-BF4B-00C04F79EFBC}") = "yoyocosmeRazor_Temp", "yoyocosmeRazor_Temp\yoyocosmeRazor_Temp.csproj", "{2FC9265B-7BF5-4C8D-87C0-95F1A032CDAD}"
EndProject
Global
	GlobalSection(SolutionConfigurationPlatforms) = preSolution
		Debug|Any CPU = Debug|Any CPU
		Release|Any CPU = Release|Any CPU
	EndGlobalSection
	GlobalSection(ProjectConfigurationPlatforms) = postSolution
		{D415C61C-DB8E-4C47-9FD1-D2CEAD21641D}.Debug|Any CPU.ActiveCfg = Debug|Any CPU
		{D415C61C-DB8E-4C47-9FD1-D2CEAD21641D}.Debug|Any CPU.Build.0 = Debug|Any CPU
		{D415C61C-DB8E-4C47-9FD1-D2CEAD21641D}.Release|Any CPU.ActiveCfg = Release|Any CPU
		{D415C61C-DB8E-4C47-9FD1-D2CEAD21641D}.Release|Any CPU.Build.0 = Release|Any CPU
		{2FC9265B-7BF5-4C8D-87C0-95F1A032CDAD}.Debug|Any CPU.ActiveCfg = Debug|Any CPU
		{2FC9265B-7BF5-4C8D-87C0-95F1A032CDAD}.Debug|Any CPU.Build.0 = Debug|Any CPU
		{2FC9265B-7BF5-4C8D-87C0-95F1A032CDAD}.Release|Any CPU.ActiveCfg = Release|Any CPU
		{2FC9265B-7BF5-4C8D-87C0-95F1A032CDAD}.Release|Any CPU.Build.0 = Release|Any CPU
	EndGlobalSection
	GlobalSection(SolutionProperties) = preSolution
		HideSolutionNode = FALSE
	EndGlobalSection
	GlobalSection(ExtensibilityGlobals) = postSolution
		SolutionGuid = {BBF3F110-28E1-4442-A8A1-9FC750917C6C}
	EndGlobalSection
EndGlobal
